
Microsoft Visual Studio Solution File, Format Version 12.00
# Visual Studio 2013
VisualStudioVersion = 12.0.21005.1
MinimumVisualStudioVersion = 10.0.40219.1
Project("{8BC9CEB8-8B4A-11D0-8D11-00A0C91BC942}") = "CTP_mfc", "CTP_mfc\CTP_mfc.vcxproj", "{FB1AF8FA-CB42-4B14-B25E-7E4D5FC4AB32}"
EndProject
Global
	GlobalSection(SolutionConfigurationPlatforms) = preSolution
		Debug|Win32 = Debug|Win32
		Release|Win32 = Release|Win32
	EndGlobalSection
	GlobalSection(ProjectConfigurationPlatforms) = postSolution
		{FB1AF8FA-CB42-4B14-B25E-7E4D5FC4AB32}.Debug|Win32.ActiveCfg = Debug|Win32
		{FB1AF8FA-CB42-4B14-B25E-7E4D5FC4AB32}.Debug|Win32.Build.0 = Debug|Win32
		{FB1AF8FA-CB42-4B14-B25E-7E4D5FC4AB32}.Release|Win32.ActiveCfg = Release|Win32
		{FB1AF8FA-CB42-4B14-B25E-7E4D5FC4AB32}.Release|Win32.Build.0 = Release|Win32
	EndGlobalSection
	GlobalSection(SolutionProperties) = preSolution
		HideSolutionNode = FALSE
	EndGlobalSection
EndGlobal
